
Microsoft Visual Studio Solution File, Format Version 12.00
# Visual Studio Version 17
VisualStudioVersion = 17.3.32929.385
MinimumVisualStudioVersion = 10.0.40219.1
Project("{FAE04EC0-301F-11D3-BF4B-00C04F79EFBC}") = "StudingWorkloadCalculator", "StudingWorkloadCalculator.csproj", "{B3A81968-3FB6-4CB8-9071-770F6F8B48B1}"
EndProject
Global
	GlobalSection(SolutionConfigurationPlatforms) = preSolution
		Debug|Any CPU = Debug|Any CPU
		Release|Any CPU = Release|Any CPU
	EndGlobalSection
	GlobalSection(ProjectConfigurationPlatforms) = postSolution
		{B3A81968-3FB6-4CB8-9071-770F6F8B48B1}.Debug|Any CPU.ActiveCfg = Debug|Any CPU
		{B3A81968-3FB6-4CB8-9071-770F6F8B48B1}.Debug|Any CPU.Build.0 = Debug|Any CPU
		{B3A81968-3FB6-4CB8-9071-770F6F8B48B1}.Release|Any CPU.ActiveCfg = Release|Any CPU
		{B3A81968-3FB6-4CB8-9071-770F6F8B48B1}.Release|Any CPU.Build.0 = Release|Any CPU
	EndGlobalSection
	GlobalSection(SolutionProperties) = preSolution
		HideSolutionNode = FALSE
	EndGlobalSection
	GlobalSection(ExtensibilityGlobals) = postSolution
		SolutionGuid = {14A63E0C-839F-4E56-BA40-77CC5305F16E}
	EndGlobalSection
EndGlobal
